
Microsoft Visual Studio Solution File, Format Version 12.00
# Visual Studio Version 17
VisualStudioVersion = 17.8.34330.188
MinimumVisualStudioVersion = 10.0.40219.1
Project("{FAE04EC0-301F-11D3-BF4B-00C04F79EFBC}") = "CalculadoraCientifica", "CalculadoraCientifica\CalculadoraCientifica.csproj", "{A700A2FA-1DBA-4028-8F8C-17D048A3AE32}"
EndProject
Global
	GlobalSection(SolutionConfigurationPlatforms) = preSolution
		Debug|Any CPU = Debug|Any CPU
		Release|Any CPU = Release|Any CPU
	EndGlobalSection
	GlobalSection(ProjectConfigurationPlatforms) = postSolution
		{A700A2FA-1DBA-4028-8F8C-17D048A3AE32}.Debug|Any CPU.ActiveCfg = Debug|Any CPU
		{A700A2FA-1DBA-4028-8F8C-17D048A3AE32}.Debug|Any CPU.Build.0 = Debug|Any CPU
		{A700A2FA-1DBA-4028-8F8C-17D048A3AE32}.Release|Any CPU.ActiveCfg = Release|Any CPU
		{A700A2FA-1DBA-4028-8F8C-17D048A3AE32}.Release|Any CPU.Build.0 = Release|Any CPU
	EndGlobalSection
	GlobalSection(SolutionProperties) = preSolution
		HideSolutionNode = FALSE
	EndGlobalSection
	GlobalSection(ExtensibilityGlobals) = postSolution
		SolutionGuid = {27F8AEC3-9B66-44C3-B98C-514815B3F6B5}
	EndGlobalSection
EndGlobal
